
Microsoft Visual Studio Solution File, Format Version 12.00
# Visual Studio Version 17
VisualStudioVersion = 17.5.33424.131
MinimumVisualStudioVersion = 10.0.40219.1
Project("{8BC9CEB8-8B4A-11D0-8D11-00A0C91BC942}") = "ThreadPool_C", "ThreadPool_C\ThreadPool_C.vcxproj", "{08A7971B-9FDE-4CB3-95E5-F06468D65498}"
EndProject
Project("{8BC9CEB8-8B4A-11D0-8D11-00A0C91BC942}") = "ThreadPool_CPP", "ThreadPool_CPP\ThreadPool_CPP.vcxproj", "{742A29AC-74C8-4A30-B0D0-CF5E14EAF8DA}"
EndProject
Project("{8BC9CEB8-8B4A-11D0-8D11-00A0C91BC942}") = "ThreadPool_CPP_Thread", "ThreadPool_CPP_Thread\ThreadPool_CPP_Thread.vcxproj", "{2361529E-A237-4C8E-973D-5F0BE451C052}"
EndProject
Global
	GlobalSection(SolutionConfigurationPlatforms) = preSolution
		Debug|ARM = Debug|ARM
		Debug|ARM64 = Debug|ARM64
		Debug|x64 = Debug|x64
		Debug|x86 = Debug|x86
		Release|ARM = Release|ARM
		Release|ARM64 = Release|ARM64
		Release|x64 = Release|x64
		Release|x86 = Release|x86
	EndGlobalSection
	GlobalSection(ProjectConfigurationPlatforms) = postSolution
		{08A7971B-9FDE-4CB3-95E5-F06468D65498}.Debug|ARM.ActiveCfg = Debug|ARM
		{08A7971B-9FDE-4CB3-95E5-F06468D65498}.Debug|ARM.Build.0 = Debug|ARM
		{08A7971B-9FDE-4CB3-95E5-F06468D65498}.Debug|ARM.Deploy.0 = Debug|ARM
		{08A7971B-9FDE-4CB3-95E5-F06468D65498}.Debug|ARM64.ActiveCfg = Debug|ARM64
		{08A7971B-9FDE-4CB3-95E5-F06468D65498}.Debug|ARM64.Build.0 = Debug|ARM64
		{08A7971B-9FDE-4CB3-95E5-F06468D65498}.Debug|ARM64.Deploy.0 = Debug|ARM64
		{08A7971B-9FDE-4CB3-95E5-F06468D65498}.Debug|x64.ActiveCfg = Debug|x64
		{08A7971B-9FDE-4CB3-95E5-F06468D65498}.Debug|x64.Build.0 = Debug|x64
		{08A7971B-9FDE-4CB3-95E5-F06468D65498}.Debug|x64.Deploy.0 = Debug|x64
		{08A7971B-9FDE-4CB3-95E5-F06468D65498}.Debug|x86.ActiveCfg = Debug|x86
		{08A7971B-9FDE-4CB3-95E5-F06468D65498}.Debug|x86.Build.0 = Debug|x86
		{08A7971B-9FDE-4CB3-95E5-F06468D65498}.Debug|x86.Deploy.0 = Debug|x86
		{08A7971B-9FDE-4CB3-95E5-F06468D65498}.Release|ARM.ActiveCfg = Release|ARM
		{08A7971B-9FDE-4CB3-95E5-F06468D65498}.Release|ARM.Build.0 = Release|ARM
		{08A7971B-9FDE-4CB3-95E5-F06468D65498}.Release|ARM.Deploy.0 = Release|ARM
		{08A7971B-9FDE-4CB3-95E5-F06468D65498}.Release|ARM64.ActiveCfg = Release|ARM64
		{08A7971B-9FDE-4CB3-95E5-F06468D65498}.Release|ARM64.Build.0 = Release|ARM64
		{08A7971B-9FDE-4CB3-95E5-F06468D65498}.Release|ARM64.Deploy.0 = Release|ARM64
		{08A7971B-9FDE-4CB3-95E5-F06468D65498}.Release|x64.ActiveCfg = Release|x64
		{08A7971B-9FDE-4CB3-95E5-F06468D65498}.Release|x64.Build.0 = Release|x64
		{08A7971B-9FDE-4CB3-95E5-F06468D65498}.Release|x64.Deploy.0 = Release|x64
		{08A7971B-9FDE-4CB3-95E5-F06468D65498}.Release|x86.ActiveCfg = Release|x86
		{08A7971B-9FDE-4CB3-95E5-F06468D65498}.Release|x86.Build.0 = Release|x86
		{08A7971B-9FDE-4CB3-95E5-F06468D65498}.Release|x86.Deploy.0 = Release|x86
		{742A29AC-74C8-4A30-B0D0-CF5E14EAF8DA}.Debug|ARM.ActiveCfg = Debug|ARM
		{742A29AC-74C8-4A30-B0D0-CF5E14EAF8DA}.Debug|ARM.Build.0 = Debug|ARM
		{742A29AC-74C8-4A30-B0D0-CF5E14EAF8DA}.Debug|ARM.Deploy.0 = Debug|ARM
		{742A29AC-74C8-4A30-B0D0-CF5E14EAF8DA}.Debug|ARM64.ActiveCfg = Debug|ARM64
		{742A29AC-74C8-4A30-B0D0-CF5E14EAF8DA}.Debug|ARM64.Build.0 = Debug|ARM64
		{742A29AC-74C8-4A30-B0D0-CF5E14EAF8DA}.Debug|ARM64.Deploy.0 = Debug|ARM64
		{742A29AC-74C8-4A30-B0D0-CF5E14EAF8DA}.Debug|x64.ActiveCfg = Debug|x64
		{742A29AC-74C8-4A30-B0D0-CF5E14EAF8DA}.Debug|x64.Build.0 = Debug|x64
		{742A29AC-74C8-4A30-B0D0-CF5E14EAF8DA}.Debug|x64.Deploy.0 = Debug|x64
		{742A29AC-74C8-4A30-B0D0-CF5E14EAF8DA}.Debug|x86.ActiveCfg = Debug|x86
		{742A29AC-74C8-4A30-B0D0-CF5E14EAF8DA}.Debug|x86.Build.0 = Debug|x86
		{742A29AC-74C8-4A30-B0D0-CF5E14EAF8DA}.Debug|x86.Deploy.0 = Debug|x86
		{742A29AC-74C8-4A30-B0D0-CF5E14EAF8DA}.Release|ARM.ActiveCfg = Release|ARM
		{742A29AC-74C8-4A30-B0D0-CF5E14EAF8DA}.Release|ARM.Build.0 = Release|ARM
		{742A29AC-74C8-4A30-B0D0-CF5E14EAF8DA}.Release|ARM.Deploy.0 = Release|ARM
		{742A29AC-74C8-4A30-B0D0-CF5E14EAF8DA}.Release|ARM64.ActiveCfg = Release|ARM64
		{742A29AC-74C8-4A30-B0D0-CF5E14EAF8DA}.Release|ARM64.Build.0 = Release|ARM64
		{742A29AC-74C8-4A30-B0D0-CF5E14EAF8DA}.Release|ARM64.Deploy.0 = Release|ARM64
		{742A29AC-74C8-4A30-B0D0-CF5E14EAF8DA}.Release|x64.ActiveCfg = Release|x64
		{742A29AC-74C8-4A30-B0D0-CF5E14EAF8DA}.Release|x64.Build.0 = Release|x64
		{742A29AC-74C8-4A30-B0D0-CF5E14EAF8DA}.Release|x64.Deploy.0 = Release|x64
		{742A29AC-74C8-4A30-B0D0-CF5E14EAF8DA}.Release|x86.ActiveCfg = Release|x86
		{742A29AC-74C8-4A30-B0D0-CF5E14EAF8DA}.Release|x86.Build.0 = Release|x86
		{742A29AC-74C8-4A30-B0D0-CF5E14EAF8DA}.Release|x86.Deploy.0 = Release|x86
		{2361529E-A237-4C8E-973D-5F0BE451C052}.Debug|ARM.ActiveCfg = Debug|ARM
		{2361529E-A237-4C8E-973D-5F0BE451C052}.Debug|ARM.Build.0 = Debug|ARM
		{2361529E-A237-4C8E-973D-5F0BE451C052}.Debug|ARM.Deploy.0 = Debug|ARM
		{2361529E-A237-4C8E-973D-5F0BE451C052}.Debug|ARM64.ActiveCfg = Debug|ARM64
		{2361529E-A237-4C8E-973D-5F0BE451C052}.Debug|ARM64.Build.0 = Debug|ARM64
		{2361529E-A237-4C8E-973D-5F0BE451C052}.Debug|ARM64.Deploy.0 = Debug|ARM64
		{2361529E-A237-4C8E-973D-5F0BE451C052}.Debug|x64.ActiveCfg = Debug|x64
		{2361529E-A237-4C8E-973D-5F0BE451C052}.Debug|x64.Build.0 = Debug|x64
		{2361529E-A237-4C8E-973D-5F0BE451C052}.Debug|x64.Deploy.0 = Debug|x64
		{2361529E-A237-4C8E-973D-5F0BE451C052}.Debug|x86.ActiveCfg = Debug|x86
		{2361529E-A237-4C8E-973D-5F0BE451C052}.Debug|x86.Build.0 = Debug|x86
		{2361529E-A237-4C8E-973D-5F0BE451C052}.Debug|x86.Deploy.0 = Debug|x86
		{2361529E-A237-4C8E-973D-5F0BE451C052}.Release|ARM.ActiveCfg = Release|ARM
		{2361529E-A237-4C8E-973D-5F0BE451C052}.Release|ARM.Build.0 = Release|ARM
		{2361529E-A237-4C8E-973D-5F0BE451C052}.Release|ARM.Deploy.0 = Release|ARM
		{2361529E-A237-4C8E-973D-5F0BE451C052}.Release|ARM64.ActiveCfg = Release|ARM64
		{2361529E-A237-4C8E-973D-5F0BE451C052}.Release|ARM64.Build.0 = Release|ARM64
		{2361529E-A237-4C8E-973D-5F0BE451C052}.Release|ARM64.Deploy.0 = Release|ARM64
		{2361529E-A237-4C8E-973D-5F0BE451C052}.Release|x64.ActiveCfg = Release|x64
		{2361529E-A237-4C8E-973D-5F0BE451C052}.Release|x64.Build.0 = Release|x64
		{2361529E-A237-4C8E-973D-5F0BE451C052}.Release|x64.Deploy.0 = Release|x64
		{2361529E-A237-4C8E-973D-5F0BE451C052}.Release|x86.ActiveCfg = Release|x86
		{2361529E-A237-4C8E-973D-5F0BE451C052}.Release|x86.Build.0 = Release|x86
		{2361529E-A237-4C8E-973D-5F0BE451C052}.Release|x86.Deploy.0 = Release|x86
	EndGlobalSection
	GlobalSection(SolutionProperties) = preSolution
		HideSolutionNode = FALSE
	EndGlobalSection
	GlobalSection(ExtensibilityGlobals) = postSolution
		SolutionGuid = {92EBE808-07C2-497C-8486-1996F98A06B6}
	EndGlobalSection
EndGlobal
